
Microsoft Visual Studio Solution File, Format Version 12.00
# Visual Studio Version 17
VisualStudioVersion = 17.14.36327.8 d17.14
MinimumVisualStudioVersion = 10.0.40219.1
Project("{FAE04EC0-301F-11D3-BF4B-00C04F79EFBC}") = "RestEmployCrud", "RestEmployCrud\RestEmployCrud.csproj", "{B8E5C813-95A4-456A-B393-2BF31A6CD268}"
EndProject
Global
	GlobalSection(SolutionConfigurationPlatforms) = preSolution
		Debug|Any CPU = Debug|Any CPU
		Release|Any CPU = Release|Any CPU
	EndGlobalSection
	GlobalSection(ProjectConfigurationPlatforms) = postSolution
		{B8E5C813-95A4-456A-B393-2BF31A6CD268}.Debug|Any CPU.ActiveCfg = Debug|Any CPU
		{B8E5C813-95A4-456A-B393-2BF31A6CD268}.Debug|Any CPU.Build.0 = Debug|Any CPU
		{B8E5C813-95A4-456A-B393-2BF31A6CD268}.Release|Any CPU.ActiveCfg = Release|Any CPU
		{B8E5C813-95A4-456A-B393-2BF31A6CD268}.Release|Any CPU.Build.0 = Release|Any CPU
	EndGlobalSection
	GlobalSection(SolutionProperties) = preSolution
		HideSolutionNode = FALSE
	EndGlobalSection
	GlobalSection(ExtensibilityGlobals) = postSolution
		SolutionGuid = {A004CCEC-374E-4327-8E91-356FC882E903}
	EndGlobalSection
EndGlobal
