
Microsoft Visual Studio Solution File, Format Version 12.00
# Visual Studio Version 17
VisualStudioVersion = 17.14.36310.24 d17.14
MinimumVisualStudioVersion = 10.0.40219.1
Project("{FAE04EC0-301F-11D3-BF4B-00C04F79EFBC}") = "NulableProject", "NulableProject\NulableProject.csproj", "{36099A1E-C6E9-4173-A946-A0CA05EB18BB}"
EndProject
Global
	GlobalSection(SolutionConfigurationPlatforms) = preSolution
		Debug|Any CPU = Debug|Any CPU
		Release|Any CPU = Release|Any CPU
	EndGlobalSection
	GlobalSection(ProjectConfigurationPlatforms) = postSolution
		{36099A1E-C6E9-4173-A946-A0CA05EB18BB}.Debug|Any CPU.ActiveCfg = Debug|Any CPU
		{36099A1E-C6E9-4173-A946-A0CA05EB18BB}.Debug|Any CPU.Build.0 = Debug|Any CPU
		{36099A1E-C6E9-4173-A946-A0CA05EB18BB}.Release|Any CPU.ActiveCfg = Release|Any CPU
		{36099A1E-C6E9-4173-A946-A0CA05EB18BB}.Release|Any CPU.Build.0 = Release|Any CPU
	EndGlobalSection
	GlobalSection(SolutionProperties) = preSolution
		HideSolutionNode = FALSE
	EndGlobalSection
	GlobalSection(ExtensibilityGlobals) = postSolution
		SolutionGuid = {BDE32219-DF51-4A8B-880C-832A48BDB51E}
	EndGlobalSection
EndGlobal
