
Microsoft Visual Studio Solution File, Format Version 12.00
# Visual Studio Version 17
VisualStudioVersion = 17.14.36310.24 d17.14
MinimumVisualStudioVersion = 10.0.40219.1
Project("{FAE04EC0-301F-11D3-BF4B-00C04F79EFBC}") = "WriteOnly", "WriteOnly\WriteOnly.csproj", "{B9A63E59-51A8-4007-A490-7BB05552558C}"
EndProject
Global
	GlobalSection(SolutionConfigurationPlatforms) = preSolution
		Debug|Any CPU = Debug|Any CPU
		Release|Any CPU = Release|Any CPU
	EndGlobalSection
	GlobalSection(ProjectConfigurationPlatforms) = postSolution
		{B9A63E59-51A8-4007-A490-7BB05552558C}.Debug|Any CPU.ActiveCfg = Debug|Any CPU
		{B9A63E59-51A8-4007-A490-7BB05552558C}.Debug|Any CPU.Build.0 = Debug|Any CPU
		{B9A63E59-51A8-4007-A490-7BB05552558C}.Release|Any CPU.ActiveCfg = Release|Any CPU
		{B9A63E59-51A8-4007-A490-7BB05552558C}.Release|Any CPU.Build.0 = Release|Any CPU
	EndGlobalSection
	GlobalSection(SolutionProperties) = preSolution
		HideSolutionNode = FALSE
	EndGlobalSection
	GlobalSection(ExtensibilityGlobals) = postSolution
		SolutionGuid = {AE835252-FCB2-4951-B63A-57288F01DCEA}
	EndGlobalSection
EndGlobal
