
Microsoft Visual Studio Solution File, Format Version 12.00
# Visual Studio Version 17
VisualStudioVersion = 17.14.36310.24 d17.14
MinimumVisualStudioVersion = 10.0.40219.1
Project("{FAE04EC0-301F-11D3-BF4B-00C04F79EFBC}") = "EmployProject.Models", "Employ\EmployProject.Models.csproj", "{4BDF70AB-4B8B-4417-A289-A97F16BA914D}"
EndProject
Project("{FAE04EC0-301F-11D3-BF4B-00C04F79EFBC}") = "EmployProject.xception", "..\EmployProject.xception\EmployProject.xception.csproj", "{9F0FB8F0-AA18-4A83-BC27-D0296714ACEA}"
EndProject
Project("{FAE04EC0-301F-11D3-BF4B-00C04F79EFBC}") = "EmployProject.Dao", "..\EmployProject.Dao\EmployProject.Dao.csproj", "{71C7A41F-7348-4EF7-A48D-1E22AE1F9AED}"
EndProject
Project("{FAE04EC0-301F-11D3-BF4B-00C04F79EFBC}") = "EmployProject.Bal", "..\EmployProject.Bal\EmployProject.Bal.csproj", "{6D437AC9-F113-415E-8F0D-35FA6E477B95}"
EndProject
Project("{FAE04EC0-301F-11D3-BF4B-00C04F79EFBC}") = "EmployProject.Main", "..\EmployProject.Main\EmployProject.Main.csproj", "{A45F5AE4-4DA6-4822-AA00-8F3910AAD146}"
EndProject
Global
	GlobalSection(SolutionConfigurationPlatforms) = preSolution
		Debug|Any CPU = Debug|Any CPU
		Release|Any CPU = Release|Any CPU
	EndGlobalSection
	GlobalSection(ProjectConfigurationPlatforms) = postSolution
		{4BDF70AB-4B8B-4417-A289-A97F16BA914D}.Debug|Any CPU.ActiveCfg = Debug|Any CPU
		{4BDF70AB-4B8B-4417-A289-A97F16BA914D}.Debug|Any CPU.Build.0 = Debug|Any CPU
		{4BDF70AB-4B8B-4417-A289-A97F16BA914D}.Release|Any CPU.ActiveCfg = Release|Any CPU
		{4BDF70AB-4B8B-4417-A289-A97F16BA914D}.Release|Any CPU.Build.0 = Release|Any CPU
		{9F0FB8F0-AA18-4A83-BC27-D0296714ACEA}.Debug|Any CPU.ActiveCfg = Debug|Any CPU
		{9F0FB8F0-AA18-4A83-BC27-D0296714ACEA}.Debug|Any CPU.Build.0 = Debug|Any CPU
		{9F0FB8F0-AA18-4A83-BC27-D0296714ACEA}.Release|Any CPU.ActiveCfg = Release|Any CPU
		{9F0FB8F0-AA18-4A83-BC27-D0296714ACEA}.Release|Any CPU.Build.0 = Release|Any CPU
		{71C7A41F-7348-4EF7-A48D-1E22AE1F9AED}.Debug|Any CPU.ActiveCfg = Debug|Any CPU
		{71C7A41F-7348-4EF7-A48D-1E22AE1F9AED}.Debug|Any CPU.Build.0 = Debug|Any CPU
		{71C7A41F-7348-4EF7-A48D-1E22AE1F9AED}.Release|Any CPU.ActiveCfg = Release|Any CPU
		{71C7A41F-7348-4EF7-A48D-1E22AE1F9AED}.Release|Any CPU.Build.0 = Release|Any CPU
		{6D437AC9-F113-415E-8F0D-35FA6E477B95}.Debug|Any CPU.ActiveCfg = Debug|Any CPU
		{6D437AC9-F113-415E-8F0D-35FA6E477B95}.Debug|Any CPU.Build.0 = Debug|Any CPU
		{6D437AC9-F113-415E-8F0D-35FA6E477B95}.Release|Any CPU.ActiveCfg = Release|Any CPU
		{6D437AC9-F113-415E-8F0D-35FA6E477B95}.Release|Any CPU.Build.0 = Release|Any CPU
		{A45F5AE4-4DA6-4822-AA00-8F3910AAD146}.Debug|Any CPU.ActiveCfg = Debug|Any CPU
		{A45F5AE4-4DA6-4822-AA00-8F3910AAD146}.Debug|Any CPU.Build.0 = Debug|Any CPU
		{A45F5AE4-4DA6-4822-AA00-8F3910AAD146}.Release|Any CPU.ActiveCfg = Release|Any CPU
		{A45F5AE4-4DA6-4822-AA00-8F3910AAD146}.Release|Any CPU.Build.0 = Release|Any CPU
	EndGlobalSection
	GlobalSection(SolutionProperties) = preSolution
		HideSolutionNode = FALSE
	EndGlobalSection
	GlobalSection(ExtensibilityGlobals) = postSolution
		SolutionGuid = {6E39F31A-D258-42D2-ADE9-A43B2E5403F1}
	EndGlobalSection
EndGlobal
